// !$*UTF8*$!
{
	archiveVersion = 1;
	classes = {
	};
	objectVersion = 56;
	objects = {

/* Begin PBXBuildFile section */
		C6633B8B294807E90085E7B8 /* AppDelegate.swift in Sources */ = {isa = PBXBuildFile; fileRef = C6633B8A294807E90085E7B8 /* AppDelegate.swift */; };
		C6633B8D294807E90085E7B8 /* SceneDelegate.swift in Sources */ = {isa = PBXBuildFile; fileRef = C6633B8C294807E90085E7B8 /* SceneDelegate.swift */; };
		C6633B8F294807E90085E7B8 /* ViewController.swift in Sources */ = {isa = PBXBuildFile; fileRef = C6633B8E294807E90085E7B8 /* ViewController.swift */; };
		C6633B92294807E90085E7B8 /* Main.storyboard in Resources */ = {isa = PBXBuildFile; fileRef = C6633B90294807E90085E7B8 /* Main.storyboard */; };
		C6633B94294807EB0085E7B8 /* Assets.xcassets in Resources */ = {isa = PBXBuildFile; fileRef = C6633B93294807EB0085E7B8 /* Assets.xcassets */; };
		C6633B97294807EB0085E7B8 /* LaunchScreen.storyboard in Resources */ = {isa = PBXBuildFile; fileRef = C6633B95294807EB0085E7B8 /* LaunchScreen.storyboard */; };
		C6633BA129480D450085E7B8 /* 1HomePageViewController.swift in Sources */ = {isa = PBXBuildFile; fileRef = C6633BA029480D450085E7B8 /* 1HomePageViewController.swift */; };
		C6633BA3294811F50085E7B8 /* THE MURDER.ttf in Resources */ = {isa = PBXBuildFile; fileRef = C6633BA2294811F50085E7B8 /* THE MURDER.ttf */; };
		C6633BA529481C830085E7B8 /* 2GameSettingsPageViewController.swift in Sources */ = {isa = PBXBuildFile; fileRef = C6633BA429481C830085E7B8 /* 2GameSettingsPageViewController.swift */; };
		C6633BA729481CC80085E7B8 /* Player.swift in Sources */ = {isa = PBXBuildFile; fileRef = C6633BA629481CC80085E7B8 /* Player.swift */; };
		C6883F7E294920D800AFD524 /* 3PlayerNameViewController.swift in Sources */ = {isa = PBXBuildFile; fileRef = C6883F7D294920D800AFD524 /* 3PlayerNameViewController.swift */; };
		C6883F8029492D4000AFD524 /* ShowRolesViewController.swift in Sources */ = {isa = PBXBuildFile; fileRef = C6883F7F29492D4000AFD524 /* ShowRolesViewController.swift */; };
/* End PBXBuildFile section */

/* Begin PBXFileReference section */
		C6633B87294807E90085E7B8 /* Mafia-Moderator.app */ = {isa = PBXFileReference; explicitFileType = wrapper.application; includeInIndex = 0; path = "Mafia-Moderator.app"; sourceTree = BUILT_PRODUCTS_DIR; };
		C6633B8A294807E90085E7B8 /* AppDelegate.swift */ = {isa = PBXFileReference; lastKnownFileType = sourcecode.swift; path = AppDelegate.swift; sourceTree = "<group>"; };
		C6633B8C294807E90085E7B8 /* SceneDelegate.swift */ = {isa = PBXFileReference; lastKnownFileType = sourcecode.swift; path = SceneDelegate.swift; sourceTree = "<group>"; };
		C6633B8E294807E90085E7B8 /* ViewController.swift */ = {isa = PBXFileReference; lastKnownFileType = sourcecode.swift; path = ViewController.swift; sourceTree = "<group>"; };
		C6633B91294807E90085E7B8 /* Base */ = {isa = PBXFileReference; lastKnownFileType = file.storyboard; name = Base; path = Base.lproj/Main.storyboard; sourceTree = "<group>"; };
		C6633B93294807EB0085E7B8 /* Assets.xcassets */ = {isa = PBXFileReference; lastKnownFileType = folder.assetcatalog; path = Assets.xcassets; sourceTree = "<group>"; };
		C6633B96294807EB0085E7B8 /* Base */ = {isa = PBXFileReference; lastKnownFileType = file.storyboard; name = Base; path = Base.lproj/LaunchScreen.storyboard; sourceTree = "<group>"; };
		C6633B98294807EB0085E7B8 /* Info.plist */ = {isa = PBXFileReference; lastKnownFileType = text.plist.xml; path = Info.plist; sourceTree = "<group>"; };
		C6633BA029480D450085E7B8 /* 1HomePageViewController.swift */ = {isa = PBXFileReference; lastKnownFileType = sourcecode.swift; path = 1HomePageViewController.swift; sourceTree = "<group>"; };
		C6633BA2294811F50085E7B8 /* THE MURDER.ttf */ = {isa = PBXFileReference; lastKnownFileType = file; path = "THE MURDER.ttf"; sourceTree = "<group>"; };
		C6633BA429481C830085E7B8 /* 2GameSettingsPageViewController.swift */ = {isa = PBXFileReference; lastKnownFileType = sourcecode.swift; path = 2GameSettingsPageViewController.swift; sourceTree = "<group>"; };
		C6633BA629481CC80085E7B8 /* Player.swift */ = {isa = PBXFileReference; lastKnownFileType = sourcecode.swift; path = Player.swift; sourceTree = "<group>"; };
		C6883F7D294920D800AFD524 /* 3PlayerNameViewController.swift */ = {isa = PBXFileReference; lastKnownFileType = sourcecode.swift; path = 3PlayerNameViewController.swift; sourceTree = "<group>"; };
		C6883F7F29492D4000AFD524 /* ShowRolesViewController.swift */ = {isa = PBXFileReference; lastKnownFileType = sourcecode.swift; path = ShowRolesViewController.swift; sourceTree = "<group>"; };
/* End PBXFileReference section */

/* Begin PBXFrameworksBuildPhase section */
		C6633B84294807E90085E7B8 /* Frameworks */ = {
			isa = PBXFrameworksBuildPhase;
			buildActionMask = 2147483647;
			files = (
			);
			runOnlyForDeploymentPostprocessing = 0;
		};
/* End PBXFrameworksBuildPhase section */

/* Begin PBXGroup section */
		C6633B7E294807E90085E7B8 = {
			isa = PBXGroup;
			children = (
				C6633B89294807E90085E7B8 /* Mafia-Moderator */,
				C6633B88294807E90085E7B8 /* Products */,
			);
			sourceTree = "<group>";
		};
		C6633B88294807E90085E7B8 /* Products */ = {
			isa = PBXGroup;
			children = (
				C6633B87294807E90085E7B8 /* Mafia-Moderator.app */,
			);
			name = Products;
			sourceTree = "<group>";
		};
		C6633B89294807E90085E7B8 /* Mafia-Moderator */ = {
			isa = PBXGroup;
			children = (
				C6633B8A294807E90085E7B8 /* AppDelegate.swift */,
				C6633B8C294807E90085E7B8 /* SceneDelegate.swift */,
				C6633B8E294807E90085E7B8 /* ViewController.swift */,
				C6633B90294807E90085E7B8 /* Main.storyboard */,
				C6633B93294807EB0085E7B8 /* Assets.xcassets */,
				C6633B95294807EB0085E7B8 /* LaunchScreen.storyboard */,
				C6633B98294807EB0085E7B8 /* Info.plist */,
				C6633BA029480D450085E7B8 /* 1HomePageViewController.swift */,
				C6633BA429481C830085E7B8 /* 2GameSettingsPageViewController.swift */,
				C6883F7D294920D800AFD524 /* 3PlayerNameViewController.swift */,
				C6633BA2294811F50085E7B8 /* THE MURDER.ttf */,
				C6633BA629481CC80085E7B8 /* Player.swift */,
				C6883F7F29492D4000AFD524 /* ShowRolesViewController.swift */,
			);
			path = "Mafia-Moderator";
			sourceTree = "<group>";
		};
/* End PBXGroup section */

/* Begin PBXNativeTarget section */
		C6633B86294807E90085E7B8 /* Mafia-Moderator */ = {
			isa = PBXNativeTarget;
			buildConfigurationList = C6633B9B294807EB0085E7B8 /* Build configuration list for PBXNativeTarget "Mafia-Moderator" */;
			buildPhases = (
				C6633B83294807E90085E7B8 /* Sources */,
				C6633B84294807E90085E7B8 /* Frameworks */,
				C6633B85294807E90085E7B8 /* Resources */,
			);
			buildRules = (
			);
			dependencies = (
			);
			name = "Mafia-Moderator";
			productName = "Mafia-Moderator";
			productReference = C6633B87294807E90085E7B8 /* Mafia-Moderator.app */;
			productType = "com.apple.product-type.application";
		};
/* End PBXNativeTarget section */

/* Begin PBXProject section */
		C6633B7F294807E90085E7B8 /* Project object */ = {
			isa = PBXProject;
			attributes = {
				BuildIndependentTargetsInParallel = 1;
				LastSwiftUpdateCheck = 1410;
				LastUpgradeCheck = 1410;
				TargetAttributes = {
					C6633B86294807E90085E7B8 = {
						CreatedOnToolsVersion = 14.1;
					};
				};
			};
			buildConfigurationList = C6633B82294807E90085E7B8 /* Build configuration list for PBXProject "Mafia-Moderator" */;
			compatibilityVersion = "Xcode 14.0";
			developmentRegion = en;
			hasScannedForEncodings = 0;
			knownRegions = (
				en,
				Base,
			);
			mainGroup = C6633B7E294807E90085E7B8;
			productRefGroup = C6633B88294807E90085E7B8 /* Products */;
			projectDirPath = "";
			projectRoot = "";
			targets = (
				C6633B86294807E90085E7B8 /* Mafia-Moderator */,
			);
		};
/* End PBXProject section */

/* Begin PBXResourcesBuildPhase section */
		C6633B85294807E90085E7B8 /* Resources */ = {
			isa = PBXResourcesBuildPhase;
			buildActionMask = 2147483647;
			files = (
				C6633B97294807EB0085E7B8 /* LaunchScreen.storyboard in Resources */,
				C6633B94294807EB0085E7B8 /* Assets.xcassets in Resources */,
				C6633BA3294811F50085E7B8 /* THE MURDER.ttf in Resources */,
				C6633B92294807E90085E7B8 /* Main.storyboard in Resources */,
			);
			runOnlyForDeploymentPostprocessing = 0;
		};
/* End PBXResourcesBuildPhase section */

/* Begin PBXSourcesBuildPhase section */
		C6633B83294807E90085E7B8 /* Sources */ = {
			isa = PBXSourcesBuildPhase;
			buildActionMask = 2147483647;
			files = (
				C6633B8F294807E90085E7B8 /* ViewController.swift in Sources */,
				C6633B8B294807E90085E7B8 /* AppDelegate.swift in Sources */,
				C6633BA129480D450085E7B8 /* 1HomePageViewController.swift in Sources */,
				C6883F7E294920D800AFD524 /* 3PlayerNameViewController.swift in Sources */,
				C6633B8D294807E90085E7B8 /* SceneDelegate.swift in Sources */,
				C6883F8029492D4000AFD524 /* ShowRolesViewController.swift in Sources */,
				C6633BA729481CC80085E7B8 /* Player.swift in Sources */,
				C6633BA529481C830085E7B8 /* 2GameSettingsPageViewController.swift in Sources */,
			);
			runOnlyForDeploymentPostprocessing = 0;
		};
/* End PBXSourcesBuildPhase section */

/* Begin PBXVariantGroup section */
		C6633B90294807E90085E7B8 /* Main.storyboard */ = {
			isa = PBXVariantGroup;
			children = (
				C6633B91294807E90085E7B8 /* Base */,
			);
			name = Main.storyboard;
			sourceTree = "<group>";
		};
		C6633B95294807EB0085E7B8 /* LaunchScreen.storyboard */ = {
			isa = PBXVariantGroup;
			children = (
				C6633B96294807EB0085E7B8 /* Base */,
			);
			name = LaunchScreen.storyboard;
			sourceTree = "<group>";
		};
/* End PBXVariantGroup section */

/* Begin XCBuildConfiguration section */
		C6633B99294807EB0085E7B8 /* Debug */ = {
			isa = XCBuildConfiguration;
			buildSettings = {
				ALWAYS_SEARCH_USER_PATHS = NO;
				CLANG_ANALYZER_NONNULL = YES;
				CLANG_ANALYZER_NUMBER_OBJECT_CONVERSION = YES_AGGRESSIVE;
				CLANG_CXX_LANGUAGE_STANDARD = "gnu++20";
				CLANG_ENABLE_MODULES = YES;
				CLANG_ENABLE_OBJC_ARC = YES;
				CLANG_ENABLE_OBJC_WEAK = YES;
				CLANG_WARN_BLOCK_CAPTURE_AUTORELEASING = YES;
				CLANG_WARN_BOOL_CONVERSION = YES;
				CLANG_WARN_COMMA = YES;
				CLANG_WARN_CONSTANT_CONVERSION = YES;
				CLANG_WARN_DEPRECATED_OBJC_IMPLEMENTATIONS = YES;
				CLANG_WARN_DIRECT_OBJC_ISA_USAGE = YES_ERROR;
				CLANG_WARN_DOCUMENTATION_COMMENTS = YES;
				CLANG_WARN_EMPTY_BODY = YES;
				CLANG_WARN_ENUM_CONVERSION = YES;
				CLANG_WARN_INFINITE_RECURSION = YES;
				CLANG_WARN_INT_CONVERSION = YES;
				CLANG_WARN_NON_LITERAL_NULL_CONVERSION = YES;
				CLANG_WARN_OBJC_IMPLICIT_RETAIN_SELF = YES;
				CLANG_WARN_OBJC_LITERAL_CONVERSION = YES;
				CLANG_WARN_OBJC_ROOT_CLASS = YES_ERROR;
				CLANG_WARN_QUOTED_INCLUDE_IN_FRAMEWORK_HEADER = YES;
				CLANG_WARN_RANGE_LOOP_ANALYSIS = YES;
				CLANG_WARN_STRICT_PROTOTYPES = YES;
				CLANG_WARN_SUSPICIOUS_MOVE = YES;
				CLANG_WARN_UNGUARDED_AVAILABILITY = YES_AGGRESSIVE;
				CLANG_WARN_UNREACHABLE_CODE = YES;
				CLANG_WARN__DUPLICATE_METHOD_MATCH = YES;
				COPY_PHASE_STRIP = NO;
				DEBUG_INFORMATION_FORMAT = dwarf;
				ENABLE_STRICT_OBJC_MSGSEND = YES;
				ENABLE_TESTABILITY = YES;
				GCC_C_LANGUAGE_STANDARD = gnu11;
				GCC_DYNAMIC_NO_PIC = NO;
				GCC_NO_COMMON_BLOCKS = YES;
				GCC_OPTIMIZATION_LEVEL = 0;
				GCC_PREPROCESSOR_DEFINITIONS = (
					"DEBUG=1",
					"$(inherited)",
				);
				GCC_WARN_64_TO_32_BIT_CONVERSION = YES;
				GCC_WARN_ABOUT_RETURN_TYPE = YES_ERROR;
				GCC_WARN_UNDECLARED_SELECTOR = YES;
				GCC_WARN_UNINITIALIZED_AUTOS = YES_AGGRESSIVE;
				GCC_WARN_UNUSED_FUNCTION = YES;
				GCC_WARN_UNUSED_VARIABLE = YES;
				IPHONEOS_DEPLOYMENT_TARGET = 16.1;
				MTL_ENABLE_DEBUG_INFO = INCLUDE_SOURCE;
				MTL_FAST_MATH = YES;
				ONLY_ACTIVE_ARCH = YES;
				SDKROOT = iphoneos;
				SWIFT_ACTIVE_COMPILATION_CONDITIONS = DEBUG;
				SWIFT_OPTIMIZATION_LEVEL = "-Onone";
			};
			name = Debug;
		};
		C6633B9A294807EB0085E7B8 /* Release */ = {
			isa = XCBuildConfiguration;
			buildSettings = {
				ALWAYS_SEARCH_USER_PATHS = NO;
				CLANG_ANALYZER_NONNULL = YES;
				CLANG_ANALYZER_NUMBER_OBJECT_CONVERSION = YES_AGGRESSIVE;
				CLANG_CXX_LANGUAGE_STANDARD = "gnu++20";
				CLANG_ENABLE_MODULES = YES;
				CLANG_ENABLE_OBJC_ARC = YES;
				CLANG_ENABLE_OBJC_WEAK = YES;
				CLANG_WARN_BLOCK_CAPTURE_AUTORELEASING = YES;
				CLANG_WARN_BOOL_CONVERSION = YES;
				CLANG_WARN_COMMA = YES;
				CLANG_WARN_CONSTANT_CONVERSION = YES;
				CLANG_WARN_DEPRECATED_OBJC_IMPLEMENTATIONS = YES;
				CLANG_WARN_DIRECT_OBJC_ISA_USAGE = YES_ERROR;
				CLANG_WARN_DOCUMENTATION_COMMENTS = YES;
				CLANG_WARN_EMPTY_BODY = YES;
				CLANG_WARN_ENUM_CONVERSION = YES;
				CLANG_WARN_INFINITE_RECURSION = YES;
				CLANG_WARN_INT_CONVERSION = YES;
				CLANG_WARN_NON_LITERAL_NULL_CONVERSION = YES;
				CLANG_WARN_OBJC_IMPLICIT_RETAIN_SELF = YES;
				CLANG_WARN_OBJC_LITERAL_CONVERSION = YES;
				CLANG_WARN_OBJC_ROOT_CLASS = YES_ERROR;
				CLANG_WARN_QUOTED_INCLUDE_IN_FRAMEWORK_HEADER = YES;
				CLANG_WARN_RANGE_LOOP_ANALYSIS = YES;
				CLANG_WARN_STRICT_PROTOTYPES = YES;
				CLANG_WARN_SUSPICIOUS_MOVE = YES;
				CLANG_WARN_UNGUARDED_AVAILABILITY = YES_AGGRESSIVE;
				CLANG_WARN_UNREACHABLE_CODE = YES;
				CLANG_WARN__DUPLICATE_METHOD_MATCH = YES;
				COPY_PHASE_STRIP = NO;
				DEBUG_INFORMATION_FORMAT = "dwarf-with-dsym";
				ENABLE_NS_ASSERTIONS = NO;
				ENABLE_STRICT_OBJC_MSGSEND = YES;
				GCC_C_LANGUAGE_STANDARD = gnu11;
				GCC_NO_COMMON_BLOCKS = YES;
				GCC_WARN_64_TO_32_BIT_CONVERSION = YES;
				GCC_WARN_ABOUT_RETURN_TYPE = YES_ERROR;
				GCC_WARN_UNDECLARED_SELECTOR = YES;
				GCC_WARN_UNINITIALIZED_AUTOS = YES_AGGRESSIVE;
				GCC_WARN_UNUSED_FUNCTION = YES;
				GCC_WARN_UNUSED_VARIABLE = YES;
				IPHONEOS_DEPLOYMENT_TARGET = 16.1;
				MTL_ENABLE_DEBUG_INFO = NO;
				MTL_FAST_MATH = YES;
				SDKROOT = iphoneos;
				SWIFT_COMPILATION_MODE = wholemodule;
				SWIFT_OPTIMIZATION_LEVEL = "-O";
				VALIDATE_PRODUCT = YES;
			};
			name = Release;
		};
		C6633B9C294807EB0085E7B8 /* Debug */ = {
			isa = XCBuildConfiguration;
			buildSettings = {
				ASSETCATALOG_COMPILER_APPICON_NAME = AppIcon;
				ASSETCATALOG_COMPILER_GLOBAL_ACCENT_COLOR_NAME = AccentColor;
				CODE_SIGN_STYLE = Automatic;
				CURRENT_PROJECT_VERSION = 1;
				DEVELOPMENT_TEAM = TUL2KBL2YN;
				GENERATE_INFOPLIST_FILE = YES;
				INFOPLIST_FILE = "Mafia-Moderator/Info.plist";
				INFOPLIST_KEY_UIApplicationSupportsIndirectInputEvents = YES;
				INFOPLIST_KEY_UILaunchStoryboardName = LaunchScreen;
				INFOPLIST_KEY_UIMainStoryboardFile = Main;
				INFOPLIST_KEY_UISupportedInterfaceOrientations_iPad = "UIInterfaceOrientationPortrait UIInterfaceOrientationPortraitUpsideDown UIInterfaceOrientationLandscapeLeft UIInterfaceOrientationLandscapeRight";
				INFOPLIST_KEY_UISupportedInterfaceOrientations_iPhone = "UIInterfaceOrientationPortrait UIInterfaceOrientationLandscapeLeft UIInterfaceOrientationLandscapeRight";
				LD_RUNPATH_SEARCH_PATHS = (
					"$(inherited)",
					"@executable_path/Frameworks",
				);
				MARKETING_VERSION = 1.0;
				PRODUCT_BUNDLE_IDENTIFIER = "com.Tiffany.Mafia-Moderator";
				PRODUCT_NAME = "$(TARGET_NAME)";
				SWIFT_EMIT_LOC_STRINGS = YES;
				SWIFT_VERSION = 5.0;
				TARGETED_DEVICE_FAMILY = "1,2";
			};
			name = Debug;
		};
		C6633B9D294807EB0085E7B8 /* Release */ = {
			isa = XCBuildConfiguration;
			buildSettings = {
				ASSETCATALOG_COMPILER_APPICON_NAME = AppIcon;
				ASSETCATALOG_COMPILER_GLOBAL_ACCENT_COLOR_NAME = AccentColor;
				CODE_SIGN_STYLE = Automatic;
				CURRENT_PROJECT_VERSION = 1;
				DEVELOPMENT_TEAM = TUL2KBL2YN;
				GENERATE_INFOPLIST_FILE = YES;
				INFOPLIST_FILE = "Mafia-Moderator/Info.plist";
				INFOPLIST_KEY_UIApplicationSupportsIndirectInputEvents = YES;
				INFOPLIST_KEY_UILaunchStoryboardName = LaunchScreen;
				INFOPLIST_KEY_UIMainStoryboardFile = Main;
				INFOPLIST_KEY_UISupportedInterfaceOrientations_iPad = "UIInterfaceOrientationPortrait UIInterfaceOrientationPortraitUpsideDown UIInterfaceOrientationLandscapeLeft UIInterfaceOrientationLandscapeRight";
				INFOPLIST_KEY_UISupportedInterfaceOrientations_iPhone = "UIInterfaceOrientationPortrait UIInterfaceOrientationLandscapeLeft UIInterfaceOrientationLandscapeRight";
				LD_RUNPATH_SEARCH_PATHS = (
					"$(inherited)",
					"@executable_path/Frameworks",
				);
				MARKETING_VERSION = 1.0;
				PRODUCT_BUNDLE_IDENTIFIER = "com.Tiffany.Mafia-Moderator";
				PRODUCT_NAME = "$(TARGET_NAME)";
				SWIFT_EMIT_LOC_STRINGS = YES;
				SWIFT_VERSION = 5.0;
				TARGETED_DEVICE_FAMILY = "1,2";
			};
			name = Release;
		};
/* End XCBuildConfiguration section */

/* Begin XCConfigurationList section */
		C6633B82294807E90085E7B8 /* Build configuration list for PBXProject "Mafia-Moderator" */ = {
			isa = XCConfigurationList;
			buildConfigurations = (
				C6633B99294807EB0085E7B8 /* Debug */,
				C6633B9A294807EB0085E7B8 /* Release */,
			);
			defaultConfigurationIsVisible = 0;
			defaultConfigurationName = Release;
		};
		C6633B9B294807EB0085E7B8 /* Build configuration list for PBXNativeTarget "Mafia-Moderator" */ = {
			isa = XCConfigurationList;
			buildConfigurations = (
				C6633B9C294807EB0085E7B8 /* Debug */,
				C6633B9D294807EB0085E7B8 /* Release */,
			);
			defaultConfigurationIsVisible = 0;
			defaultConfigurationName = Release;
		};
/* End XCConfigurationList section */
	};
	rootObject = C6633B7F294807E90085E7B8 /* Project object */;
}
